// !$*UTF8*$!
{
	archiveVersion = 1;
	classes = {
	};
	objectVersion = 50;
	objects = {

/* Begin PBXBuildFile section */
		7713EBD421DE5FF30095E83C /* 04d.png in Resources */ = {isa = PBXBuildFile; fileRef = 7713EBC221DE5FF20095E83C /* 04d.png */; };
		7713EBD521DE5FF30095E83C /* 09d.png in Resources */ = {isa = PBXBuildFile; fileRef = 7713EBC321DE5FF20095E83C /* 09d.png */; };
		7713EBD621DE5FF30095E83C /* 09n.png in Resources */ = {isa = PBXBuildFile; fileRef = 7713EBC421DE5FF20095E83C /* 09n.png */; };
		7713EBD721DE5FF30095E83C /* 03n.png in Resources */ = {isa = PBXBuildFile; fileRef = 7713EBC521DE5FF20095E83C /* 03n.png */; };
		7713EBD821DE5FF30095E83C /* 01n.png in Resources */ = {isa = PBXBuildFile; fileRef = 7713EBC621DE5FF20095E83C /* 01n.png */; };
		7713EBD921DE5FF30095E83C /* 13d.png in Resources */ = {isa = PBXBuildFile; fileRef = 7713EBC721DE5FF20095E83C /* 13d.png */; };
		7713EBDA21DE5FF30095E83C /* 10n.png in Resources */ = {isa = PBXBuildFile; fileRef = 7713EBC821DE5FF30095E83C /* 10n.png */; };
		7713EBDB21DE5FF30095E83C /* 10d.png in Resources */ = {isa = PBXBuildFile; fileRef = 7713EBC921DE5FF30095E83C /* 10d.png */; };
		7713EBDC21DE5FF30095E83C /* 03d.png in Resources */ = {isa = PBXBuildFile; fileRef = 7713EBCA21DE5FF30095E83C /* 03d.png */; };
		7713EBDD21DE5FF30095E83C /* 04n.png in Resources */ = {isa = PBXBuildFile; fileRef = 7713EBCB21DE5FF30095E83C /* 04n.png */; };
		7713EBDE21DE5FF30095E83C /* 11n.png in Resources */ = {isa = PBXBuildFile; fileRef = 7713EBCC21DE5FF30095E83C /* 11n.png */; };
		7713EBDF21DE5FF30095E83C /* 11d.png in Resources */ = {isa = PBXBuildFile; fileRef = 7713EBCD21DE5FF30095E83C /* 11d.png */; };
		7713EBE021DE5FF30095E83C /* 50d.png in Resources */ = {isa = PBXBuildFile; fileRef = 7713EBCE21DE5FF30095E83C /* 50d.png */; };
		7713EBE121DE5FF30095E83C /* 01d.png in Resources */ = {isa = PBXBuildFile; fileRef = 7713EBCF21DE5FF30095E83C /* 01d.png */; };
		7713EBE221DE5FF30095E83C /* 02d.png in Resources */ = {isa = PBXBuildFile; fileRef = 7713EBD021DE5FF30095E83C /* 02d.png */; };
		7713EBE321DE5FF30095E83C /* 02n.png in Resources */ = {isa = PBXBuildFile; fileRef = 7713EBD121DE5FF30095E83C /* 02n.png */; };
		7713EBE421DE5FF30095E83C /* 13n.png in Resources */ = {isa = PBXBuildFile; fileRef = 7713EBD221DE5FF30095E83C /* 13n.png */; };
		7713EBE521DE5FF30095E83C /* 50n.png in Resources */ = {isa = PBXBuildFile; fileRef = 7713EBD321DE5FF30095E83C /* 50n.png */; };
		7717E9BC21CFC46A00D98F13 /* API.swift in Sources */ = {isa = PBXBuildFile; fileRef = 7717E9BB21CFC46A00D98F13 /* API.swift */; };
		775A687621CEE7BC000608B9 /* ExtendedForecastViewController.swift in Sources */ = {isa = PBXBuildFile; fileRef = 775A687521CEE7BC000608B9 /* ExtendedForecastViewController.swift */; };
		775A687A21CEF2EF000608B9 /* JsonResponse.swift in Sources */ = {isa = PBXBuildFile; fileRef = 775A687921CEF2EF000608B9 /* JsonResponse.swift */; };
		775A687C21CEF370000608B9 /* Settings.swift in Sources */ = {isa = PBXBuildFile; fileRef = 775A687B21CEF370000608B9 /* Settings.swift */; };
		7768C59921CEC2C20059666E /* AppDelegate.swift in Sources */ = {isa = PBXBuildFile; fileRef = 7768C59821CEC2C20059666E /* AppDelegate.swift */; };
		7768C59B21CEC2C20059666E /* MainViewController.swift in Sources */ = {isa = PBXBuildFile; fileRef = 7768C59A21CEC2C20059666E /* MainViewController.swift */; };
		7768C59E21CEC2C20059666E /* Main.storyboard in Resources */ = {isa = PBXBuildFile; fileRef = 7768C59C21CEC2C20059666E /* Main.storyboard */; };
		7768C5A021CEC2C40059666E /* Assets.xcassets in Resources */ = {isa = PBXBuildFile; fileRef = 7768C59F21CEC2C40059666E /* Assets.xcassets */; };
		7768C5A321CEC2C40059666E /* LaunchScreen.storyboard in Resources */ = {isa = PBXBuildFile; fileRef = 7768C5A121CEC2C40059666E /* LaunchScreen.storyboard */; };
		7768C5AE21CEC2C40059666E /* WeatherSwiftTests.swift in Sources */ = {isa = PBXBuildFile; fileRef = 7768C5AD21CEC2C40059666E /* WeatherSwiftTests.swift */; };
		B778D019D3489D4634BE97D6 /* libPods-WeatherSwift.a in Frameworks */ = {isa = PBXBuildFile; fileRef = BE9D2C991D67AB867F2CE210 /* libPods-WeatherSwift.a */; };
/* End PBXBuildFile section */

/* Begin PBXContainerItemProxy section */
		7768C5AA21CEC2C40059666E /* PBXContainerItemProxy */ = {
			isa = PBXContainerItemProxy;
			containerPortal = 7768C58D21CEC2C20059666E /* Project object */;
			proxyType = 1;
			remoteGlobalIDString = 7768C59421CEC2C20059666E;
			remoteInfo = WeatherSwift;
		};
/* End PBXContainerItemProxy section */

/* Begin PBXFileReference section */
		4E9DB9F1FF18DB2F00969A7F /* Pods-WeatherSwift.release.xcconfig */ = {isa = PBXFileReference; includeInIndex = 1; lastKnownFileType = text.xcconfig; name = "Pods-WeatherSwift.release.xcconfig"; path = "Pods/Target Support Files/Pods-WeatherSwift/Pods-WeatherSwift.release.xcconfig"; sourceTree = "<group>"; };
		7713EBC221DE5FF20095E83C /* 04d.png */ = {isa = PBXFileReference; lastKnownFileType = image.png; name = 04d.png; path = ../../../../../../Downloads/WeatherIcons/04d.png; sourceTree = "<group>"; };
		7713EBC321DE5FF20095E83C /* 09d.png */ = {isa = PBXFileReference; lastKnownFileType = image.png; name = 09d.png; path = ../../../../../../Downloads/WeatherIcons/09d.png; sourceTree = "<group>"; };
		7713EBC421DE5FF20095E83C /* 09n.png */ = {isa = PBXFileReference; lastKnownFileType = image.png; name = 09n.png; path = ../../../../../../Downloads/WeatherIcons/09n.png; sourceTree = "<group>"; };
		7713EBC521DE5FF20095E83C /* 03n.png */ = {isa = PBXFileReference; lastKnownFileType = image.png; name = 03n.png; path = ../../../../../../Downloads/WeatherIcons/03n.png; sourceTree = "<group>"; };
		7713EBC621DE5FF20095E83C /* 01n.png */ = {isa = PBXFileReference; lastKnownFileType = image.png; name = 01n.png; path = ../../../../../../Downloads/WeatherIcons/01n.png; sourceTree = "<group>"; };
		7713EBC721DE5FF20095E83C /* 13d.png */ = {isa = PBXFileReference; lastKnownFileType = image.png; name = 13d.png; path = ../../../../../../Downloads/WeatherIcons/13d.png; sourceTree = "<group>"; };
		7713EBC821DE5FF30095E83C /* 10n.png */ = {isa = PBXFileReference; lastKnownFileType = image.png; name = 10n.png; path = ../../../../../../Downloads/WeatherIcons/10n.png; sourceTree = "<group>"; };
		7713EBC921DE5FF30095E83C /* 10d.png */ = {isa = PBXFileReference; lastKnownFileType = image.png; name = 10d.png; path = ../../../../../../Downloads/WeatherIcons/10d.png; sourceTree = "<group>"; };
		7713EBCA21DE5FF30095E83C /* 03d.png */ = {isa = PBXFileReference; lastKnownFileType = image.png; name = 03d.png; path = ../../../../../../Downloads/WeatherIcons/03d.png; sourceTree = "<group>"; };
		7713EBCB21DE5FF30095E83C /* 04n.png */ = {isa = PBXFileReference; lastKnownFileType = image.png; name = 04n.png; path = ../../../../../../Downloads/WeatherIcons/04n.png; sourceTree = "<group>"; };
		7713EBCC21DE5FF30095E83C /* 11n.png */ = {isa = PBXFileReference; lastKnownFileType = image.png; name = 11n.png; path = ../../../../../../Downloads/WeatherIcons/11n.png; sourceTree = "<group>"; };
		7713EBCD21DE5FF30095E83C /* 11d.png */ = {isa = PBXFileReference; lastKnownFileType = image.png; name = 11d.png; path = ../../../../../../Downloads/WeatherIcons/11d.png; sourceTree = "<group>"; };
		7713EBCE21DE5FF30095E83C /* 50d.png */ = {isa = PBXFileReference; lastKnownFileType = image.png; name = 50d.png; path = ../../../../../../Downloads/WeatherIcons/50d.png; sourceTree = "<group>"; };
		7713EBCF21DE5FF30095E83C /* 01d.png */ = {isa = PBXFileReference; lastKnownFileType = image.png; name = 01d.png; path = ../../../../../../Downloads/WeatherIcons/01d.png; sourceTree = "<group>"; };
		7713EBD021DE5FF30095E83C /* 02d.png */ = {isa = PBXFileReference; lastKnownFileType = image.png; name = 02d.png; path = ../../../../../../Downloads/WeatherIcons/02d.png; sourceTree = "<group>"; };
		7713EBD121DE5FF30095E83C /* 02n.png */ = {isa = PBXFileReference; lastKnownFileType = image.png; name = 02n.png; path = ../../../../../../Downloads/WeatherIcons/02n.png; sourceTree = "<group>"; };
		7713EBD221DE5FF30095E83C /* 13n.png */ = {isa = PBXFileReference; lastKnownFileType = image.png; name = 13n.png; path = ../../../../../../Downloads/WeatherIcons/13n.png; sourceTree = "<group>"; };
		7713EBD321DE5FF30095E83C /* 50n.png */ = {isa = PBXFileReference; lastKnownFileType = image.png; name = 50n.png; path = ../../../../../../Downloads/WeatherIcons/50n.png; sourceTree = "<group>"; };
		7717E9BB21CFC46A00D98F13 /* API.swift */ = {isa = PBXFileReference; fileEncoding = 4; lastKnownFileType = sourcecode.swift; path = API.swift; sourceTree = "<group>"; };
		775A687521CEE7BC000608B9 /* ExtendedForecastViewController.swift */ = {isa = PBXFileReference; lastKnownFileType = sourcecode.swift; path = ExtendedForecastViewController.swift; sourceTree = "<group>"; };
		775A687921CEF2EF000608B9 /* JsonResponse.swift */ = {isa = PBXFileReference; lastKnownFileType = sourcecode.swift; path = JsonResponse.swift; sourceTree = "<group>"; };
		775A687B21CEF370000608B9 /* Settings.swift */ = {isa = PBXFileReference; lastKnownFileType = sourcecode.swift; path = Settings.swift; sourceTree = "<group>"; };
		7768C59521CEC2C20059666E /* WeatherSwift.app */ = {isa = PBXFileReference; explicitFileType = wrapper.application; includeInIndex = 0; path = WeatherSwift.app; sourceTree = BUILT_PRODUCTS_DIR; };
		7768C59821CEC2C20059666E /* AppDelegate.swift */ = {isa = PBXFileReference; lastKnownFileType = sourcecode.swift; path = AppDelegate.swift; sourceTree = "<group>"; };
		7768C59A21CEC2C20059666E /* MainViewController.swift */ = {isa = PBXFileReference; lastKnownFileType = sourcecode.swift; path = MainViewController.swift; sourceTree = "<group>"; };
		7768C59D21CEC2C20059666E /* Base */ = {isa = PBXFileReference; lastKnownFileType = file.storyboard; name = Base; path = Base.lproj/Main.storyboard; sourceTree = "<group>"; };
		7768C59F21CEC2C40059666E /* Assets.xcassets */ = {isa = PBXFileReference; lastKnownFileType = folder.assetcatalog; path = Assets.xcassets; sourceTree = "<group>"; };
		7768C5A221CEC2C40059666E /* Base */ = {isa = PBXFileReference; lastKnownFileType = file.storyboard; name = Base; path = Base.lproj/LaunchScreen.storyboard; sourceTree = "<group>"; };
		7768C5A421CEC2C40059666E /* Info.plist */ = {isa = PBXFileReference; lastKnownFileType = text.plist.xml; path = Info.plist; sourceTree = "<group>"; };
		7768C5A921CEC2C40059666E /* WeatherSwiftTests.xctest */ = {isa = PBXFileReference; explicitFileType = wrapper.cfbundle; includeInIndex = 0; path = WeatherSwiftTests.xctest; sourceTree = BUILT_PRODUCTS_DIR; };
		7768C5AD21CEC2C40059666E /* WeatherSwiftTests.swift */ = {isa = PBXFileReference; lastKnownFileType = sourcecode.swift; path = WeatherSwiftTests.swift; sourceTree = "<group>"; };
		7768C5AF21CEC2C40059666E /* Info.plist */ = {isa = PBXFileReference; lastKnownFileType = text.plist.xml; path = Info.plist; sourceTree = "<group>"; };
		AD3CB8C46A6558312B7C07AB /* Pods-WeatherSwift.debug.xcconfig */ = {isa = PBXFileReference; includeInIndex = 1; lastKnownFileType = text.xcconfig; name = "Pods-WeatherSwift.debug.xcconfig"; path = "Pods/Target Support Files/Pods-WeatherSwift/Pods-WeatherSwift.debug.xcconfig"; sourceTree = "<group>"; };
		BE9D2C991D67AB867F2CE210 /* libPods-WeatherSwift.a */ = {isa = PBXFileReference; explicitFileType = archive.ar; includeInIndex = 0; path = "libPods-WeatherSwift.a"; sourceTree = BUILT_PRODUCTS_DIR; };
/* End PBXFileReference section */

/* Begin PBXFrameworksBuildPhase section */
		7768C59221CEC2C20059666E /* Frameworks */ = {
			isa = PBXFrameworksBuildPhase;
			buildActionMask = 2147483647;
			files = (
				B778D019D3489D4634BE97D6 /* libPods-WeatherSwift.a in Frameworks */,
			);
			runOnlyForDeploymentPostprocessing = 0;
		};
		7768C5A621CEC2C40059666E /* Frameworks */ = {
			isa = PBXFrameworksBuildPhase;
			buildActionMask = 2147483647;
			files = (
			);
			runOnlyForDeploymentPostprocessing = 0;
		};
/* End PBXFrameworksBuildPhase section */

/* Begin PBXGroup section */
		3AD892ACB0DAC087D565AB5B /* Frameworks */ = {
			isa = PBXGroup;
			children = (
				BE9D2C991D67AB867F2CE210 /* libPods-WeatherSwift.a */,
			);
			name = Frameworks;
			sourceTree = "<group>";
		};
		7713EBC121DE5FDA0095E83C /* Icons */ = {
			isa = PBXGroup;
			children = (
				7713EBCF21DE5FF30095E83C /* 01d.png */,
				7713EBC621DE5FF20095E83C /* 01n.png */,
				7713EBD021DE5FF30095E83C /* 02d.png */,
				7713EBD121DE5FF30095E83C /* 02n.png */,
				7713EBCA21DE5FF30095E83C /* 03d.png */,
				7713EBC521DE5FF20095E83C /* 03n.png */,
				7713EBC221DE5FF20095E83C /* 04d.png */,
				7713EBCB21DE5FF30095E83C /* 04n.png */,
				7713EBC321DE5FF20095E83C /* 09d.png */,
				7713EBC421DE5FF20095E83C /* 09n.png */,
				7713EBC921DE5FF30095E83C /* 10d.png */,
				7713EBC821DE5FF30095E83C /* 10n.png */,
				7713EBCD21DE5FF30095E83C /* 11d.png */,
				7713EBCC21DE5FF30095E83C /* 11n.png */,
				7713EBC721DE5FF20095E83C /* 13d.png */,
				7713EBD221DE5FF30095E83C /* 13n.png */,
				7713EBCE21DE5FF30095E83C /* 50d.png */,
				7713EBD321DE5FF30095E83C /* 50n.png */,
			);
			path = Icons;
			sourceTree = "<group>";
		};
		775A687321CEDE4F000608B9 /* Images */ = {
			isa = PBXGroup;
			children = (
				7713EBC121DE5FDA0095E83C /* Icons */,
			);
			path = Images;
			sourceTree = "<group>";
		};
		775A687421CEDE5D000608B9 /* ViewControllers */ = {
			isa = PBXGroup;
			children = (
				7768C59A21CEC2C20059666E /* MainViewController.swift */,
				775A687521CEE7BC000608B9 /* ExtendedForecastViewController.swift */,
			);
			path = ViewControllers;
			sourceTree = "<group>";
		};
		7768C58C21CEC2C20059666E = {
			isa = PBXGroup;
			children = (
				7768C59721CEC2C20059666E /* WeatherSwift */,
				7768C5AC21CEC2C40059666E /* WeatherSwiftTests */,
				7768C59621CEC2C20059666E /* Products */,
				8EF38EBD9272C5E46C959B4C /* Pods */,
				3AD892ACB0DAC087D565AB5B /* Frameworks */,
			);
			sourceTree = "<group>";
		};
		7768C59621CEC2C20059666E /* Products */ = {
			isa = PBXGroup;
			children = (
				7768C59521CEC2C20059666E /* WeatherSwift.app */,
				7768C5A921CEC2C40059666E /* WeatherSwiftTests.xctest */,
			);
			name = Products;
			sourceTree = "<group>";
		};
		7768C59721CEC2C20059666E /* WeatherSwift */ = {
			isa = PBXGroup;
			children = (
				775A687421CEDE5D000608B9 /* ViewControllers */,
				775A687321CEDE4F000608B9 /* Images */,
				7768C59821CEC2C20059666E /* AppDelegate.swift */,
				7717E9BB21CFC46A00D98F13 /* API.swift */,
				7768C59C21CEC2C20059666E /* Main.storyboard */,
				7768C59F21CEC2C40059666E /* Assets.xcassets */,
				7768C5A121CEC2C40059666E /* LaunchScreen.storyboard */,
				7768C5A421CEC2C40059666E /* Info.plist */,
				775A687921CEF2EF000608B9 /* JsonResponse.swift */,
				775A687B21CEF370000608B9 /* Settings.swift */,
			);
			path = WeatherSwift;
			sourceTree = "<group>";
		};
		7768C5AC21CEC2C40059666E /* WeatherSwiftTests */ = {
			isa = PBXGroup;
			children = (
				7768C5AD21CEC2C40059666E /* WeatherSwiftTests.swift */,
				7768C5AF21CEC2C40059666E /* Info.plist */,
			);
			path = WeatherSwiftTests;
			sourceTree = "<group>";
		};
		8EF38EBD9272C5E46C959B4C /* Pods */ = {
			isa = PBXGroup;
			children = (
				AD3CB8C46A6558312B7C07AB /* Pods-WeatherSwift.debug.xcconfig */,
				4E9DB9F1FF18DB2F00969A7F /* Pods-WeatherSwift.release.xcconfig */,
			);
			name = Pods;
			sourceTree = "<group>";
		};
/* End PBXGroup section */

/* Begin PBXNativeTarget section */
		7768C59421CEC2C20059666E /* WeatherSwift */ = {
			isa = PBXNativeTarget;
			buildConfigurationList = 7768C5B221CEC2C40059666E /* Build configuration list for PBXNativeTarget "WeatherSwift" */;
			buildPhases = (
				E010BE5A326F9E877973BC7F /* [CP] Check Pods Manifest.lock */,
				7768C59121CEC2C20059666E /* Sources */,
				7768C59221CEC2C20059666E /* Frameworks */,
				7768C59321CEC2C20059666E /* Resources */,
			);
			buildRules = (
			);
			dependencies = (
			);
			name = WeatherSwift;
			productName = WeatherSwift;
			productReference = 7768C59521CEC2C20059666E /* WeatherSwift.app */;
			productType = "com.apple.product-type.application";
		};
		7768C5A821CEC2C40059666E /* WeatherSwiftTests */ = {
			isa = PBXNativeTarget;
			buildConfigurationList = 7768C5B521CEC2C40059666E /* Build configuration list for PBXNativeTarget "WeatherSwiftTests" */;
			buildPhases = (
				7768C5A521CEC2C40059666E /* Sources */,
				7768C5A621CEC2C40059666E /* Frameworks */,
				7768C5A721CEC2C40059666E /* Resources */,
			);
			buildRules = (
			);
			dependencies = (
				7768C5AB21CEC2C40059666E /* PBXTargetDependency */,
			);
			name = WeatherSwiftTests;
			productName = WeatherSwiftTests;
			productReference = 7768C5A921CEC2C40059666E /* WeatherSwiftTests.xctest */;
			productType = "com.apple.product-type.bundle.unit-test";
		};
/* End PBXNativeTarget section */

/* Begin PBXProject section */
		7768C58D21CEC2C20059666E /* Project object */ = {
			isa = PBXProject;
			attributes = {
				LastSwiftUpdateCheck = 1010;
				LastUpgradeCheck = 1010;
				ORGANIZATIONNAME = "Тимофей Забалуев";
				TargetAttributes = {
					7768C59421CEC2C20059666E = {
						CreatedOnToolsVersion = 10.1;
					};
					7768C5A821CEC2C40059666E = {
						CreatedOnToolsVersion = 10.1;
						TestTargetID = 7768C59421CEC2C20059666E;
					};
				};
			};
			buildConfigurationList = 7768C59021CEC2C20059666E /* Build configuration list for PBXProject "WeatherSwift" */;
			compatibilityVersion = "Xcode 9.3";
			developmentRegion = en;
			hasScannedForEncodings = 0;
			knownRegions = (
				en,
				Base,
			);
			mainGroup = 7768C58C21CEC2C20059666E;
			productRefGroup = 7768C59621CEC2C20059666E /* Products */;
			projectDirPath = "";
			projectRoot = "";
			targets = (
				7768C59421CEC2C20059666E /* WeatherSwift */,
				7768C5A821CEC2C40059666E /* WeatherSwiftTests */,
			);
		};
/* End PBXProject section */

/* Begin PBXResourcesBuildPhase section */
		7768C59321CEC2C20059666E /* Resources */ = {
			isa = PBXResourcesBuildPhase;
			buildActionMask = 2147483647;
			files = (
				7713EBD521DE5FF30095E83C /* 09d.png in Resources */,
				7713EBDB21DE5FF30095E83C /* 10d.png in Resources */,
				7713EBDD21DE5FF30095E83C /* 04n.png in Resources */,
				7713EBE021DE5FF30095E83C /* 50d.png in Resources */,
				7713EBD821DE5FF30095E83C /* 01n.png in Resources */,
				7768C5A321CEC2C40059666E /* LaunchScreen.storyboard in Resources */,
				7713EBE521DE5FF30095E83C /* 50n.png in Resources */,
				7713EBD921DE5FF30095E83C /* 13d.png in Resources */,
				7768C5A021CEC2C40059666E /* Assets.xcassets in Resources */,
				7713EBE421DE5FF30095E83C /* 13n.png in Resources */,
				7713EBD621DE5FF30095E83C /* 09n.png in Resources */,
				7713EBD721DE5FF30095E83C /* 03n.png in Resources */,
				7713EBD421DE5FF30095E83C /* 04d.png in Resources */,
				7713EBDE21DE5FF30095E83C /* 11n.png in Resources */,
				7713EBE221DE5FF30095E83C /* 02d.png in Resources */,
				7713EBE121DE5FF30095E83C /* 01d.png in Resources */,
				7713EBDC21DE5FF30095E83C /* 03d.png in Resources */,
				7713EBDF21DE5FF30095E83C /* 11d.png in Resources */,
				7768C59E21CEC2C20059666E /* Main.storyboard in Resources */,
				7713EBDA21DE5FF30095E83C /* 10n.png in Resources */,
				7713EBE321DE5FF30095E83C /* 02n.png in Resources */,
			);
			runOnlyForDeploymentPostprocessing = 0;
		};
		7768C5A721CEC2C40059666E /* Resources */ = {
			isa = PBXResourcesBuildPhase;
			buildActionMask = 2147483647;
			files = (
			);
			runOnlyForDeploymentPostprocessing = 0;
		};
/* End PBXResourcesBuildPhase section */

/* Begin PBXShellScriptBuildPhase section */
		E010BE5A326F9E877973BC7F /* [CP] Check Pods Manifest.lock */ = {
			isa = PBXShellScriptBuildPhase;
			buildActionMask = 2147483647;
			files = (
			);
			inputFileListPaths = (
			);
			inputPaths = (
				"${PODS_PODFILE_DIR_PATH}/Podfile.lock",
				"${PODS_ROOT}/Manifest.lock",
			);
			name = "[CP] Check Pods Manifest.lock";
			outputFileListPaths = (
			);
			outputPaths = (
				"$(DERIVED_FILE_DIR)/Pods-WeatherSwift-checkManifestLockResult.txt",
			);
			runOnlyForDeploymentPostprocessing = 0;
			shellPath = /bin/sh;
			shellScript = "diff \"${PODS_PODFILE_DIR_PATH}/Podfile.lock\" \"${PODS_ROOT}/Manifest.lock\" > /dev/null\nif [ $? != 0 ] ; then\n    # print error to STDERR\n    echo \"error: The sandbox is not in sync with the Podfile.lock. Run 'pod install' or update your CocoaPods installation.\" >&2\n    exit 1\nfi\n# This output is used by Xcode 'outputs' to avoid re-running this script phase.\necho \"SUCCESS\" > \"${SCRIPT_OUTPUT_FILE_0}\"\n";
			showEnvVarsInLog = 0;
		};
/* End PBXShellScriptBuildPhase section */

/* Begin PBXSourcesBuildPhase section */
		7768C59121CEC2C20059666E /* Sources */ = {
			isa = PBXSourcesBuildPhase;
			buildActionMask = 2147483647;
			files = (
				7768C59B21CEC2C20059666E /* MainViewController.swift in Sources */,
				775A687C21CEF370000608B9 /* Settings.swift in Sources */,
				775A687A21CEF2EF000608B9 /* JsonResponse.swift in Sources */,
				775A687621CEE7BC000608B9 /* ExtendedForecastViewController.swift in Sources */,
				7717E9BC21CFC46A00D98F13 /* API.swift in Sources */,
				7768C59921CEC2C20059666E /* AppDelegate.swift in Sources */,
			);
			runOnlyForDeploymentPostprocessing = 0;
		};
		7768C5A521CEC2C40059666E /* Sources */ = {
			isa = PBXSourcesBuildPhase;
			buildActionMask = 2147483647;
			files = (
				7768C5AE21CEC2C40059666E /* WeatherSwiftTests.swift in Sources */,
			);
			runOnlyForDeploymentPostprocessing = 0;
		};
/* End PBXSourcesBuildPhase section */

/* Begin PBXTargetDependency section */
		7768C5AB21CEC2C40059666E /* PBXTargetDependency */ = {
			isa = PBXTargetDependency;
			target = 7768C59421CEC2C20059666E /* WeatherSwift */;
			targetProxy = 7768C5AA21CEC2C40059666E /* PBXContainerItemProxy */;
		};
/* End PBXTargetDependency section */

/* Begin PBXVariantGroup section */
		7768C59C21CEC2C20059666E /* Main.storyboard */ = {
			isa = PBXVariantGroup;
			children = (
				7768C59D21CEC2C20059666E /* Base */,
			);
			name = Main.storyboard;
			sourceTree = "<group>";
		};
		7768C5A121CEC2C40059666E /* LaunchScreen.storyboard */ = {
			isa = PBXVariantGroup;
			children = (
				7768C5A221CEC2C40059666E /* Base */,
			);
			name = LaunchScreen.storyboard;
			sourceTree = "<group>";
		};
/* End PBXVariantGroup section */

/* Begin XCBuildConfiguration section */
		7768C5B021CEC2C40059666E /* Debug */ = {
			isa = XCBuildConfiguration;
			buildSettings = {
				ALWAYS_SEARCH_USER_PATHS = NO;
				CLANG_ANALYZER_NONNULL = YES;
				CLANG_ANALYZER_NUMBER_OBJECT_CONVERSION = YES_AGGRESSIVE;
				CLANG_CXX_LANGUAGE_STANDARD = "gnu++14";
				CLANG_CXX_LIBRARY = "libc++";
				CLANG_ENABLE_MODULES = YES;
				CLANG_ENABLE_OBJC_ARC = YES;
				CLANG_ENABLE_OBJC_WEAK = YES;
				CLANG_WARN_BLOCK_CAPTURE_AUTORELEASING = YES;
				CLANG_WARN_BOOL_CONVERSION = YES;
				CLANG_WARN_COMMA = YES;
				CLANG_WARN_CONSTANT_CONVERSION = YES;
				CLANG_WARN_DEPRECATED_OBJC_IMPLEMENTATIONS = YES;
				CLANG_WARN_DIRECT_OBJC_ISA_USAGE = YES_ERROR;
				CLANG_WARN_DOCUMENTATION_COMMENTS = YES;
				CLANG_WARN_EMPTY_BODY = YES;
				CLANG_WARN_ENUM_CONVERSION = YES;
				CLANG_WARN_INFINITE_RECURSION = YES;
				CLANG_WARN_INT_CONVERSION = YES;
				CLANG_WARN_NON_LITERAL_NULL_CONVERSION = YES;
				CLANG_WARN_OBJC_IMPLICIT_RETAIN_SELF = YES;
				CLANG_WARN_OBJC_LITERAL_CONVERSION = YES;
				CLANG_WARN_OBJC_ROOT_CLASS = YES_ERROR;
				CLANG_WARN_RANGE_LOOP_ANALYSIS = YES;
				CLANG_WARN_STRICT_PROTOTYPES = YES;
				CLANG_WARN_SUSPICIOUS_MOVE = YES;
				CLANG_WARN_UNGUARDED_AVAILABILITY = YES_AGGRESSIVE;
				CLANG_WARN_UNREACHABLE_CODE = YES;
				CLANG_WARN__DUPLICATE_METHOD_MATCH = YES;
				CODE_SIGN_IDENTITY = "iPhone Developer";
				COPY_PHASE_STRIP = NO;
				DEBUG_INFORMATION_FORMAT = dwarf;
				ENABLE_STRICT_OBJC_MSGSEND = YES;
				ENABLE_TESTABILITY = YES;
				GCC_C_LANGUAGE_STANDARD = gnu11;
				GCC_DYNAMIC_NO_PIC = NO;
				GCC_NO_COMMON_BLOCKS = YES;
				GCC_OPTIMIZATION_LEVEL = 0;
				GCC_PREPROCESSOR_DEFINITIONS = (
					"DEBUG=1",
					"$(inherited)",
				);
				GCC_WARN_64_TO_32_BIT_CONVERSION = YES;
				GCC_WARN_ABOUT_RETURN_TYPE = YES_ERROR;
				GCC_WARN_UNDECLARED_SELECTOR = YES;
				GCC_WARN_UNINITIALIZED_AUTOS = YES_AGGRESSIVE;
				GCC_WARN_UNUSED_FUNCTION = YES;
				GCC_WARN_UNUSED_VARIABLE = YES;
				IPHONEOS_DEPLOYMENT_TARGET = 12.1;
				MTL_ENABLE_DEBUG_INFO = INCLUDE_SOURCE;
				MTL_FAST_MATH = YES;
				ONLY_ACTIVE_ARCH = YES;
				SDKROOT = iphoneos;
				SWIFT_ACTIVE_COMPILATION_CONDITIONS = DEBUG;
				SWIFT_OPTIMIZATION_LEVEL = "-Onone";
			};
			name = Debug;
		};
		7768C5B121CEC2C40059666E /* Release */ = {
			isa = XCBuildConfiguration;
			buildSettings = {
				ALWAYS_SEARCH_USER_PATHS = NO;
				CLANG_ANALYZER_NONNULL = YES;
				CLANG_ANALYZER_NUMBER_OBJECT_CONVERSION = YES_AGGRESSIVE;
				CLANG_CXX_LANGUAGE_STANDARD = "gnu++14";
				CLANG_CXX_LIBRARY = "libc++";
				CLANG_ENABLE_MODULES = YES;
				CLANG_ENABLE_OBJC_ARC = YES;
				CLANG_ENABLE_OBJC_WEAK = YES;
				CLANG_WARN_BLOCK_CAPTURE_AUTORELEASING = YES;
				CLANG_WARN_BOOL_CONVERSION = YES;
				CLANG_WARN_COMMA = YES;
				CLANG_WARN_CONSTANT_CONVERSION = YES;
				CLANG_WARN_DEPRECATED_OBJC_IMPLEMENTATIONS = YES;
				CLANG_WARN_DIRECT_OBJC_ISA_USAGE = YES_ERROR;
				CLANG_WARN_DOCUMENTATION_COMMENTS = YES;
				CLANG_WARN_EMPTY_BODY = YES;
				CLANG_WARN_ENUM_CONVERSION = YES;
				CLANG_WARN_INFINITE_RECURSION = YES;
				CLANG_WARN_INT_CONVERSION = YES;
				CLANG_WARN_NON_LITERAL_NULL_CONVERSION = YES;
				CLANG_WARN_OBJC_IMPLICIT_RETAIN_SELF = YES;
				CLANG_WARN_OBJC_LITERAL_CONVERSION = YES;
				CLANG_WARN_OBJC_ROOT_CLASS = YES_ERROR;
				CLANG_WARN_RANGE_LOOP_ANALYSIS = YES;
				CLANG_WARN_STRICT_PROTOTYPES = YES;
				CLANG_WARN_SUSPICIOUS_MOVE = YES;
				CLANG_WARN_UNGUARDED_AVAILABILITY = YES_AGGRESSIVE;
				CLANG_WARN_UNREACHABLE_CODE = YES;
				CLANG_WARN__DUPLICATE_METHOD_MATCH = YES;
				CODE_SIGN_IDENTITY = "iPhone Developer";
				COPY_PHASE_STRIP = NO;
				DEBUG_INFORMATION_FORMAT = "dwarf-with-dsym";
				ENABLE_NS_ASSERTIONS = NO;
				ENABLE_STRICT_OBJC_MSGSEND = YES;
				GCC_C_LANGUAGE_STANDARD = gnu11;
				GCC_NO_COMMON_BLOCKS = YES;
				GCC_WARN_64_TO_32_BIT_CONVERSION = YES;
				GCC_WARN_ABOUT_RETURN_TYPE = YES_ERROR;
				GCC_WARN_UNDECLARED_SELECTOR = YES;
				GCC_WARN_UNINITIALIZED_AUTOS = YES_AGGRESSIVE;
				GCC_WARN_UNUSED_FUNCTION = YES;
				GCC_WARN_UNUSED_VARIABLE = YES;
				IPHONEOS_DEPLOYMENT_TARGET = 12.1;
				MTL_ENABLE_DEBUG_INFO = NO;
				MTL_FAST_MATH = YES;
				SDKROOT = iphoneos;
				SWIFT_COMPILATION_MODE = wholemodule;
				SWIFT_OPTIMIZATION_LEVEL = "-O";
				VALIDATE_PRODUCT = YES;
			};
			name = Release;
		};
		7768C5B321CEC2C40059666E /* Debug */ = {
			isa = XCBuildConfiguration;
			baseConfigurationReference = AD3CB8C46A6558312B7C07AB /* Pods-WeatherSwift.debug.xcconfig */;
			buildSettings = {
				ASSETCATALOG_COMPILER_APPICON_NAME = AppIcon;
				CODE_SIGN_STYLE = Automatic;
				DEVELOPMENT_TEAM = 344A2S9474;
				INFOPLIST_FILE = WeatherSwift/Info.plist;
				LD_RUNPATH_SEARCH_PATHS = (
					"$(inherited)",
					"@executable_path/Frameworks",
				);
				PRODUCT_BUNDLE_IDENTIFIER = own.WeatherSwift;
				PRODUCT_NAME = "$(TARGET_NAME)";
				SWIFT_VERSION = 4.2;
				TARGETED_DEVICE_FAMILY = "1,2";
			};
			name = Debug;
		};
		7768C5B421CEC2C40059666E /* Release */ = {
			isa = XCBuildConfiguration;
			baseConfigurationReference = 4E9DB9F1FF18DB2F00969A7F /* Pods-WeatherSwift.release.xcconfig */;
			buildSettings = {
				ASSETCATALOG_COMPILER_APPICON_NAME = AppIcon;
				CODE_SIGN_STYLE = Automatic;
				DEVELOPMENT_TEAM = 344A2S9474;
				INFOPLIST_FILE = WeatherSwift/Info.plist;
				LD_RUNPATH_SEARCH_PATHS = (
					"$(inherited)",
					"@executable_path/Frameworks",
				);
				PRODUCT_BUNDLE_IDENTIFIER = own.WeatherSwift;
				PRODUCT_NAME = "$(TARGET_NAME)";
				SWIFT_VERSION = 4.2;
				TARGETED_DEVICE_FAMILY = "1,2";
			};
			name = Release;
		};
		7768C5B621CEC2C40059666E /* Debug */ = {
			isa = XCBuildConfiguration;
			buildSettings = {
				ALWAYS_EMBED_SWIFT_STANDARD_LIBRARIES = YES;
				BUNDLE_LOADER = "$(TEST_HOST)";
				CODE_SIGN_STYLE = Automatic;
				INFOPLIST_FILE = WeatherSwiftTests/Info.plist;
				LD_RUNPATH_SEARCH_PATHS = (
					"$(inherited)",
					"@executable_path/Frameworks",
					"@loader_path/Frameworks",
				);
				PRODUCT_BUNDLE_IDENTIFIER = own.WeatherSwiftTests;
				PRODUCT_NAME = "$(TARGET_NAME)";
				SWIFT_VERSION = 4.2;
				TARGETED_DEVICE_FAMILY = "1,2";
				TEST_HOST = "$(BUILT_PRODUCTS_DIR)/WeatherSwift.app/WeatherSwift";
			};
			name = Debug;
		};
		7768C5B721CEC2C40059666E /* Release */ = {
			isa = XCBuildConfiguration;
			buildSettings = {
				ALWAYS_EMBED_SWIFT_STANDARD_LIBRARIES = YES;
				BUNDLE_LOADER = "$(TEST_HOST)";
				CODE_SIGN_STYLE = Automatic;
				INFOPLIST_FILE = WeatherSwiftTests/Info.plist;
				LD_RUNPATH_SEARCH_PATHS = (
					"$(inherited)",
					"@executable_path/Frameworks",
					"@loader_path/Frameworks",
				);
				PRODUCT_BUNDLE_IDENTIFIER = own.WeatherSwiftTests;
				PRODUCT_NAME = "$(TARGET_NAME)";
				SWIFT_VERSION = 4.2;
				TARGETED_DEVICE_FAMILY = "1,2";
				TEST_HOST = "$(BUILT_PRODUCTS_DIR)/WeatherSwift.app/WeatherSwift";
			};
			name = Release;
		};
/* End XCBuildConfiguration section */

/* Begin XCConfigurationList section */
		7768C59021CEC2C20059666E /* Build configuration list for PBXProject "WeatherSwift" */ = {
			isa = XCConfigurationList;
			buildConfigurations = (
				7768C5B021CEC2C40059666E /* Debug */,
				7768C5B121CEC2C40059666E /* Release */,
			);
			defaultConfigurationIsVisible = 0;
			defaultConfigurationName = Release;
		};
		7768C5B221CEC2C40059666E /* Build configuration list for PBXNativeTarget "WeatherSwift" */ = {
			isa = XCConfigurationList;
			buildConfigurations = (
				7768C5B321CEC2C40059666E /* Debug */,
				7768C5B421CEC2C40059666E /* Release */,
			);
			defaultConfigurationIsVisible = 0;
			defaultConfigurationName = Release;
		};
		7768C5B521CEC2C40059666E /* Build configuration list for PBXNativeTarget "WeatherSwiftTests" */ = {
			isa = XCConfigurationList;
			buildConfigurations = (
				7768C5B621CEC2C40059666E /* Debug */,
				7768C5B721CEC2C40059666E /* Release */,
			);
			defaultConfigurationIsVisible = 0;
			defaultConfigurationName = Release;
		};
/* End XCConfigurationList section */
	};
	rootObject = 7768C58D21CEC2C20059666E /* Project object */;
}
